
Microsoft Visual Studio Solution File, Format Version 12.00
# Visual Studio Version 16
VisualStudioVersion = 25.0.1700.0
MinimumVisualStudioVersion = 10.0.40219.1
Project("{FAE04EC0-301F-11D3-BF4B-00C04F79EFBC}") = "WeatherWidget", "WeatherForcast.WebApi\WeatherWidget.csproj", "{325483B1-485B-4A3F-9FC0-B39952300318}"
EndProject
Project("{FAE04EC0-301F-11D3-BF4B-00C04F79EFBC}") = "WeatherWidget.Services", "WeatherForcast.Services\WeatherWidget.Services.csproj", "{D603929D-D8C2-4C20-963F-81379EDF23B1}"
EndProject
Project("{2150E333-8FDC-42A3-9474-1A3956D46DE8}") = "Solution Items", "Solution Items", "{1BA59C7C-E5A0-4F7C-BA0C-D89F98224ECA}"
	ProjectSection(SolutionItems) = preProject
		.editorconfig = .editorconfig
	EndProjectSection
EndProject
Global
	GlobalSection(SolutionConfigurationPlatforms) = preSolution
		Debug|Any CPU = Debug|Any CPU
		Release|Any CPU = Release|Any CPU
	EndGlobalSection
	GlobalSection(ProjectConfigurationPlatforms) = postSolution
		{325483B1-485B-4A3F-9FC0-B39952300318}.Debug|Any CPU.ActiveCfg = Debug|Any CPU
		{325483B1-485B-4A3F-9FC0-B39952300318}.Debug|Any CPU.Build.0 = Debug|Any CPU
		{325483B1-485B-4A3F-9FC0-B39952300318}.Release|Any CPU.ActiveCfg = Release|Any CPU
		{325483B1-485B-4A3F-9FC0-B39952300318}.Release|Any CPU.Build.0 = Release|Any CPU
		{D603929D-D8C2-4C20-963F-81379EDF23B1}.Debug|Any CPU.ActiveCfg = Debug|Any CPU
		{D603929D-D8C2-4C20-963F-81379EDF23B1}.Debug|Any CPU.Build.0 = Debug|Any CPU
		{D603929D-D8C2-4C20-963F-81379EDF23B1}.Release|Any CPU.ActiveCfg = Release|Any CPU
		{D603929D-D8C2-4C20-963F-81379EDF23B1}.Release|Any CPU.Build.0 = Release|Any CPU
	EndGlobalSection
	GlobalSection(SolutionProperties) = preSolution
		HideSolutionNode = FALSE
	EndGlobalSection
	GlobalSection(ExtensibilityGlobals) = postSolution
		SolutionGuid = {1A3D122B-2287-462D-AA35-87A692E28A4E}
	EndGlobalSection
EndGlobal
